
Microsoft Visual Studio Solution File, Format Version 12.00
# Visual Studio 15
VisualStudioVersion = 15.0.26730.12
MinimumVisualStudioVersion = 10.0.40219.1
Project("{FAE04EC0-301F-11D3-BF4B-00C04F79EFBC}") = "VRApplicantTestProject", "VRApplicantTestProject\VRApplicantTestProject.csproj", "{3AC74579-23A3-417D-B291-CFB206C11F64}"
EndProject
Project("{FAE04EC0-301F-11D3-BF4B-00C04F79EFBC}") = "VRApplicantTestProject.Tests", "VRApplicantTestProject.Tests\VRApplicantTestProject.Tests.csproj", "{77C85D23-2310-4EE9-8CDC-F41C5CDD61CD}"
EndProject
Global
	GlobalSection(SolutionConfigurationPlatforms) = preSolution
		Debug|Any CPU = Debug|Any CPU
		Release|Any CPU = Release|Any CPU
	EndGlobalSection
	GlobalSection(ProjectConfigurationPlatforms) = postSolution
		{3AC74579-23A3-417D-B291-CFB206C11F64}.Debug|Any CPU.ActiveCfg = Debug|Any CPU
		{3AC74579-23A3-417D-B291-CFB206C11F64}.Debug|Any CPU.Build.0 = Debug|Any CPU
		{3AC74579-23A3-417D-B291-CFB206C11F64}.Release|Any CPU.ActiveCfg = Release|Any CPU
		{3AC74579-23A3-417D-B291-CFB206C11F64}.Release|Any CPU.Build.0 = Release|Any CPU
		{77C85D23-2310-4EE9-8CDC-F41C5CDD61CD}.Debug|Any CPU.ActiveCfg = Debug|Any CPU
		{77C85D23-2310-4EE9-8CDC-F41C5CDD61CD}.Debug|Any CPU.Build.0 = Debug|Any CPU
		{77C85D23-2310-4EE9-8CDC-F41C5CDD61CD}.Release|Any CPU.ActiveCfg = Release|Any CPU
		{77C85D23-2310-4EE9-8CDC-F41C5CDD61CD}.Release|Any CPU.Build.0 = Release|Any CPU
	EndGlobalSection
	GlobalSection(SolutionProperties) = preSolution
		HideSolutionNode = FALSE
	EndGlobalSection
	GlobalSection(ExtensibilityGlobals) = postSolution
		SolutionGuid = {9E4C3EC9-42AF-439E-AF0C-9E7199C1F0F3}
	EndGlobalSection
EndGlobal
